
Microsoft Visual Studio Solution File, Format Version 12.00
# Visual Studio Version 17
VisualStudioVersion = 17.5.002.0
MinimumVisualStudioVersion = 10.0.40219.1
Project("{2150E333-8FDC-42A3-9474-1A3956D46DE8}") = "CrtCore", "CrtCore", "{59B042BB-BA24-4B35-8E1F-A4D5B3BB7F39}"
EndProject
Project("{9A19103F-16F7-4668-BE54-9A1E7A4F7556}") = "CrtCore", "CrtCore\Files\CrtCore.csproj", "{99787D9E-9ED0-4EEF-A186-5FDBE8460110}"
EndProject
Project("{2150E333-8FDC-42A3-9474-1A3956D46DE8}") = "CrtCustomer360App", "CrtCustomer360App", "{9ECEED28-8EEF-4E8A-A4CE-C1713F41A2BE}"
EndProject
Project("{9A19103F-16F7-4668-BE54-9A1E7A4F7556}") = "CrtCustomer360App", "CrtCustomer360App\Files\CrtCustomer360App.csproj", "{7A5BC1FD-49B9-47CA-B05A-52F708B89C56}"
EndProject
Project("{2150E333-8FDC-42A3-9474-1A3956D46DE8}") = "CrtCustomer360Mobile", "CrtCustomer360Mobile", "{95517CBE-BA1A-4D79-8D03-04FC46DDAC48}"
EndProject
Project("{9A19103F-16F7-4668-BE54-9A1E7A4F7556}") = "CrtCustomer360Mobile", "CrtCustomer360Mobile\Files\CrtCustomer360Mobile.csproj", "{8D9204C5-4BD2-4137-AC80-B9131835EAFA}"
EndProject
Project("{2150E333-8FDC-42A3-9474-1A3956D46DE8}") = "CrtEmailSender", "CrtEmailSender", "{2878A508-E973-4CB9-956C-8624C3FAFE38}"
EndProject
Project("{9A19103F-16F7-4668-BE54-9A1E7A4F7556}") = "CrtEmailSender", "CrtEmailSender\Files\CrtEmailSender.csproj", "{9A60C1EE-1BF9-4272-AC21-07BDBF89C94A}"
EndProject
Project("{2150E333-8FDC-42A3-9474-1A3956D46DE8}") = "CrtNextStep", "CrtNextStep", "{3FB75452-BF06-417B-B11B-54468F813D04}"
EndProject
Project("{9A19103F-16F7-4668-BE54-9A1E7A4F7556}") = "CrtNextStep", "CrtNextStep\Files\CrtNextStep.csproj", "{C3320D83-7769-46E6-ADE0-68FDB77362A3}"
EndProject
Project("{2150E333-8FDC-42A3-9474-1A3956D46DE8}") = "CrtProductivityApp", "CrtProductivityApp", "{CDA6E42E-85C7-4078-A9B3-9612DC09CB6B}"
EndProject
Project("{9A19103F-16F7-4668-BE54-9A1E7A4F7556}") = "CrtProductivityApp", "CrtProductivityApp\Files\CrtProductivityApp.csproj", "{472A7FF3-827A-4272-81DE-C42328BE87FA}"
EndProject
Project("{2150E333-8FDC-42A3-9474-1A3956D46DE8}") = "CrtSmsIntegration", "CrtSmsIntegration", "{695B5646-4CEE-4F32-BB94-25769D84AACD}"
EndProject
Project("{9A19103F-16F7-4668-BE54-9A1E7A4F7556}") = "CrtSmsIntegration", "CrtSmsIntegration\Files\CrtSmsIntegration.csproj", "{3C6B6A28-C12A-4CDD-AF78-EA9EBFE66C67}"
EndProject
Project("{2150E333-8FDC-42A3-9474-1A3956D46DE8}") = "CrtUISwitcher", "CrtUISwitcher", "{41ED1DB7-43D1-4AC1-8BE7-DC7926826B73}"
EndProject
Project("{9A19103F-16F7-4668-BE54-9A1E7A4F7556}") = "CrtUISwitcher", "CrtUISwitcher\Files\CrtUISwitcher.csproj", "{279094DC-C828-4970-A148-B566CD0CA3D3}"
EndProject
Project("{2150E333-8FDC-42A3-9474-1A3956D46DE8}") = "CSL_MaintenanceTools", "CSL_MaintenanceTools", "{55371B5F-3C20-4A9D-9B28-5862301BBBD1}"
EndProject
Project("{9A19103F-16F7-4668-BE54-9A1E7A4F7556}") = "CSL_MaintenanceTools", "CSL_MaintenanceTools\Files\CSL_MaintenanceTools.csproj", "{A718820A-6420-4573-99F5-E348AE944B96}"
EndProject
Project("{2150E333-8FDC-42A3-9474-1A3956D46DE8}") = "CSP", "CSP", "{BD356E4B-80CF-4F03-86AF-0689E8CCE507}"
EndProject
Project("{9A19103F-16F7-4668-BE54-9A1E7A4F7556}") = "CSP", "CSP\Files\CSP.csproj", "{98E4B8DF-E6E2-4AB6-8489-894EE0DFE9DB}"
EndProject
Project("{2150E333-8FDC-42A3-9474-1A3956D46DE8}") = "DevClassicUI", "DevClassicUI", "{F460A47F-3A52-4DBE-815E-A505043243D8}"
EndProject
Project("{9A19103F-16F7-4668-BE54-9A1E7A4F7556}") = "DevClassicUI", "DevClassicUI\Files\DevClassicUI.csproj", "{7369312C-B242-43B2-A477-56AD2787BF95}"
EndProject
Project("{2150E333-8FDC-42A3-9474-1A3956D46DE8}") = "FeatureToggling", "FeatureToggling", "{B8A79708-EB95-4666-B5F5-32A5BF2B2CA0}"
EndProject
Project("{9A19103F-16F7-4668-BE54-9A1E7A4F7556}") = "FeatureToggling", "FeatureToggling\Files\FeatureToggling.csproj", "{08ADE2F3-7899-4598-8ABF-4DD8040EBEA1}"
EndProject
Project("{2150E333-8FDC-42A3-9474-1A3956D46DE8}") = "Finesse", "Finesse", "{AD6B0D99-368D-4908-AC29-5A8AB67246FE}"
EndProject
Project("{9A19103F-16F7-4668-BE54-9A1E7A4F7556}") = "Finesse", "Finesse\Files\Finesse.csproj", "{133988D3-03C1-4FEE-8022-CB9E9E12D1FC}"
EndProject
Project("{2150E333-8FDC-42A3-9474-1A3956D46DE8}") = "MLProcessDesigner", "MLProcessDesigner", "{4F8DD9A8-C4D7-441F-8D7D-12E5BF32192B}"
EndProject
Project("{9A19103F-16F7-4668-BE54-9A1E7A4F7556}") = "MLProcessDesigner", "MLProcessDesigner\Files\MLProcessDesigner.csproj", "{4574B509-FCEA-458C-9A3D-230831F54212}"
EndProject
Project("{2150E333-8FDC-42A3-9474-1A3956D46DE8}") = "OpenIdAuth", "OpenIdAuth", "{F12122F2-73C7-4906-9C6E-65DDE2FA0366}"
EndProject
Project("{9A19103F-16F7-4668-BE54-9A1E7A4F7556}") = "OpenIdAuth", "OpenIdAuth\Files\OpenIdAuth.csproj", "{E4DFAE34-9AE8-4192-BFB8-6DAB470D5F2F}"
EndProject
Project("{2150E333-8FDC-42A3-9474-1A3956D46DE8}") = "SsoSettings", "SsoSettings", "{61E99389-6B7E-424B-8540-6CD450E2B4E5}"
EndProject
Project("{9A19103F-16F7-4668-BE54-9A1E7A4F7556}") = "SsoSettings", "SsoSettings\Files\SsoSettings.csproj", "{70E90DFA-B7C1-42EA-A312-C995AE7230C8}"
EndProject
Project("{2150E333-8FDC-42A3-9474-1A3956D46DE8}") = "UsrRealityFreedomUI", "UsrRealityFreedomUI", "{CFCF1112-2CBC-437C-8454-376DCBAF2F79}"
EndProject
Project("{9A19103F-16F7-4668-BE54-9A1E7A4F7556}") = "UsrRealityFreedomUI", "UsrRealityFreedomUI\Files\UsrRealityFreedomUI.csproj", "{3F249DE8-B080-4DC0-9E48-9A5A8E06E3BF}"
EndProject
Project("{2150E333-8FDC-42A3-9474-1A3956D46DE8}") = "XSSProtection", "XSSProtection", "{A479373A-0BB5-42D9-8158-415EB1901D07}"
EndProject
Project("{9A19103F-16F7-4668-BE54-9A1E7A4F7556}") = "XSSProtection", "XSSProtection\Files\XSSProtection.csproj", "{B669E568-EABD-412F-A1EC-714CA256A94F}"
EndProject
Global
	GlobalSection(SolutionConfigurationPlatforms) = preSolution
		Debug|Any CPU = Debug|Any CPU
		Release|Any CPU = Release|Any CPU
	EndGlobalSection
	GlobalSection(ProjectConfigurationPlatforms) = postSolution
		{99787D9E-9ED0-4EEF-A186-5FDBE8460110}.Debug|Any CPU.ActiveCfg = Debug|Any CPU
		{99787D9E-9ED0-4EEF-A186-5FDBE8460110}.Debug|Any CPU.Build.0 = Debug|Any CPU
		{99787D9E-9ED0-4EEF-A186-5FDBE8460110}.Release|Any CPU.ActiveCfg = Release|Any CPU
		{99787D9E-9ED0-4EEF-A186-5FDBE8460110}.Release|Any CPU.Build.0 = Release|Any CPU
		{7A5BC1FD-49B9-47CA-B05A-52F708B89C56}.Debug|Any CPU.ActiveCfg = Debug|Any CPU
		{7A5BC1FD-49B9-47CA-B05A-52F708B89C56}.Debug|Any CPU.Build.0 = Debug|Any CPU
		{7A5BC1FD-49B9-47CA-B05A-52F708B89C56}.Release|Any CPU.ActiveCfg = Release|Any CPU
		{7A5BC1FD-49B9-47CA-B05A-52F708B89C56}.Release|Any CPU.Build.0 = Release|Any CPU
		{8D9204C5-4BD2-4137-AC80-B9131835EAFA}.Debug|Any CPU.ActiveCfg = Debug|Any CPU
		{8D9204C5-4BD2-4137-AC80-B9131835EAFA}.Debug|Any CPU.Build.0 = Debug|Any CPU
		{8D9204C5-4BD2-4137-AC80-B9131835EAFA}.Release|Any CPU.ActiveCfg = Release|Any CPU
		{8D9204C5-4BD2-4137-AC80-B9131835EAFA}.Release|Any CPU.Build.0 = Release|Any CPU
		{9A60C1EE-1BF9-4272-AC21-07BDBF89C94A}.Debug|Any CPU.ActiveCfg = Debug|Any CPU
		{9A60C1EE-1BF9-4272-AC21-07BDBF89C94A}.Debug|Any CPU.Build.0 = Debug|Any CPU
		{9A60C1EE-1BF9-4272-AC21-07BDBF89C94A}.Release|Any CPU.ActiveCfg = Release|Any CPU
		{9A60C1EE-1BF9-4272-AC21-07BDBF89C94A}.Release|Any CPU.Build.0 = Release|Any CPU
		{C3320D83-7769-46E6-ADE0-68FDB77362A3}.Debug|Any CPU.ActiveCfg = Debug|Any CPU
		{C3320D83-7769-46E6-ADE0-68FDB77362A3}.Debug|Any CPU.Build.0 = Debug|Any CPU
		{C3320D83-7769-46E6-ADE0-68FDB77362A3}.Release|Any CPU.ActiveCfg = Release|Any CPU
		{C3320D83-7769-46E6-ADE0-68FDB77362A3}.Release|Any CPU.Build.0 = Release|Any CPU
		{472A7FF3-827A-4272-81DE-C42328BE87FA}.Debug|Any CPU.ActiveCfg = Debug|Any CPU
		{472A7FF3-827A-4272-81DE-C42328BE87FA}.Debug|Any CPU.Build.0 = Debug|Any CPU
		{472A7FF3-827A-4272-81DE-C42328BE87FA}.Release|Any CPU.ActiveCfg = Release|Any CPU
		{472A7FF3-827A-4272-81DE-C42328BE87FA}.Release|Any CPU.Build.0 = Release|Any CPU
		{3C6B6A28-C12A-4CDD-AF78-EA9EBFE66C67}.Debug|Any CPU.ActiveCfg = Debug|Any CPU
		{3C6B6A28-C12A-4CDD-AF78-EA9EBFE66C67}.Debug|Any CPU.Build.0 = Debug|Any CPU
		{3C6B6A28-C12A-4CDD-AF78-EA9EBFE66C67}.Release|Any CPU.ActiveCfg = Release|Any CPU
		{3C6B6A28-C12A-4CDD-AF78-EA9EBFE66C67}.Release|Any CPU.Build.0 = Release|Any CPU
		{279094DC-C828-4970-A148-B566CD0CA3D3}.Debug|Any CPU.ActiveCfg = Debug|Any CPU
		{279094DC-C828-4970-A148-B566CD0CA3D3}.Debug|Any CPU.Build.0 = Debug|Any CPU
		{279094DC-C828-4970-A148-B566CD0CA3D3}.Release|Any CPU.ActiveCfg = Release|Any CPU
		{279094DC-C828-4970-A148-B566CD0CA3D3}.Release|Any CPU.Build.0 = Release|Any CPU
		{A718820A-6420-4573-99F5-E348AE944B96}.Debug|Any CPU.ActiveCfg = Debug|Any CPU
		{A718820A-6420-4573-99F5-E348AE944B96}.Debug|Any CPU.Build.0 = Debug|Any CPU
		{A718820A-6420-4573-99F5-E348AE944B96}.Release|Any CPU.ActiveCfg = Release|Any CPU
		{A718820A-6420-4573-99F5-E348AE944B96}.Release|Any CPU.Build.0 = Release|Any CPU
		{98E4B8DF-E6E2-4AB6-8489-894EE0DFE9DB}.Debug|Any CPU.ActiveCfg = Debug|Any CPU
		{98E4B8DF-E6E2-4AB6-8489-894EE0DFE9DB}.Debug|Any CPU.Build.0 = Debug|Any CPU
		{98E4B8DF-E6E2-4AB6-8489-894EE0DFE9DB}.Release|Any CPU.ActiveCfg = Release|Any CPU
		{98E4B8DF-E6E2-4AB6-8489-894EE0DFE9DB}.Release|Any CPU.Build.0 = Release|Any CPU
		{7369312C-B242-43B2-A477-56AD2787BF95}.Debug|Any CPU.ActiveCfg = Debug|Any CPU
		{7369312C-B242-43B2-A477-56AD2787BF95}.Debug|Any CPU.Build.0 = Debug|Any CPU
		{7369312C-B242-43B2-A477-56AD2787BF95}.Release|Any CPU.ActiveCfg = Release|Any CPU
		{7369312C-B242-43B2-A477-56AD2787BF95}.Release|Any CPU.Build.0 = Release|Any CPU
		{08ADE2F3-7899-4598-8ABF-4DD8040EBEA1}.Debug|Any CPU.ActiveCfg = Debug|Any CPU
		{08ADE2F3-7899-4598-8ABF-4DD8040EBEA1}.Debug|Any CPU.Build.0 = Debug|Any CPU
		{08ADE2F3-7899-4598-8ABF-4DD8040EBEA1}.Release|Any CPU.ActiveCfg = Release|Any CPU
		{08ADE2F3-7899-4598-8ABF-4DD8040EBEA1}.Release|Any CPU.Build.0 = Release|Any CPU
		{133988D3-03C1-4FEE-8022-CB9E9E12D1FC}.Debug|Any CPU.ActiveCfg = Debug|Any CPU
		{133988D3-03C1-4FEE-8022-CB9E9E12D1FC}.Debug|Any CPU.Build.0 = Debug|Any CPU
		{133988D3-03C1-4FEE-8022-CB9E9E12D1FC}.Release|Any CPU.ActiveCfg = Release|Any CPU
		{133988D3-03C1-4FEE-8022-CB9E9E12D1FC}.Release|Any CPU.Build.0 = Release|Any CPU
		{4574B509-FCEA-458C-9A3D-230831F54212}.Debug|Any CPU.ActiveCfg = Debug|Any CPU
		{4574B509-FCEA-458C-9A3D-230831F54212}.Debug|Any CPU.Build.0 = Debug|Any CPU
		{4574B509-FCEA-458C-9A3D-230831F54212}.Release|Any CPU.ActiveCfg = Release|Any CPU
		{4574B509-FCEA-458C-9A3D-230831F54212}.Release|Any CPU.Build.0 = Release|Any CPU
		{E4DFAE34-9AE8-4192-BFB8-6DAB470D5F2F}.Debug|Any CPU.ActiveCfg = Debug|Any CPU
		{E4DFAE34-9AE8-4192-BFB8-6DAB470D5F2F}.Debug|Any CPU.Build.0 = Debug|Any CPU
		{E4DFAE34-9AE8-4192-BFB8-6DAB470D5F2F}.Release|Any CPU.ActiveCfg = Release|Any CPU
		{E4DFAE34-9AE8-4192-BFB8-6DAB470D5F2F}.Release|Any CPU.Build.0 = Release|Any CPU
		{70E90DFA-B7C1-42EA-A312-C995AE7230C8}.Debug|Any CPU.ActiveCfg = Debug|Any CPU
		{70E90DFA-B7C1-42EA-A312-C995AE7230C8}.Debug|Any CPU.Build.0 = Debug|Any CPU
		{70E90DFA-B7C1-42EA-A312-C995AE7230C8}.Release|Any CPU.ActiveCfg = Release|Any CPU
		{70E90DFA-B7C1-42EA-A312-C995AE7230C8}.Release|Any CPU.Build.0 = Release|Any CPU
		{3F249DE8-B080-4DC0-9E48-9A5A8E06E3BF}.Debug|Any CPU.ActiveCfg = Debug|Any CPU
		{3F249DE8-B080-4DC0-9E48-9A5A8E06E3BF}.Debug|Any CPU.Build.0 = Debug|Any CPU
		{3F249DE8-B080-4DC0-9E48-9A5A8E06E3BF}.Release|Any CPU.ActiveCfg = Release|Any CPU
		{3F249DE8-B080-4DC0-9E48-9A5A8E06E3BF}.Release|Any CPU.Build.0 = Release|Any CPU
		{B669E568-EABD-412F-A1EC-714CA256A94F}.Debug|Any CPU.ActiveCfg = Debug|Any CPU
		{B669E568-EABD-412F-A1EC-714CA256A94F}.Debug|Any CPU.Build.0 = Debug|Any CPU
		{B669E568-EABD-412F-A1EC-714CA256A94F}.Release|Any CPU.ActiveCfg = Release|Any CPU
		{B669E568-EABD-412F-A1EC-714CA256A94F}.Release|Any CPU.Build.0 = Release|Any CPU
	EndGlobalSection
	GlobalSection(SolutionProperties) = preSolution
		HideSolutionNode = FALSE
	EndGlobalSection
	GlobalSection(NestedProjects) = preSolution
		{99787D9E-9ED0-4EEF-A186-5FDBE8460110} = {59B042BB-BA24-4B35-8E1F-A4D5B3BB7F39}
		{7A5BC1FD-49B9-47CA-B05A-52F708B89C56} = {9ECEED28-8EEF-4E8A-A4CE-C1713F41A2BE}
		{8D9204C5-4BD2-4137-AC80-B9131835EAFA} = {95517CBE-BA1A-4D79-8D03-04FC46DDAC48}
		{9A60C1EE-1BF9-4272-AC21-07BDBF89C94A} = {2878A508-E973-4CB9-956C-8624C3FAFE38}
		{C3320D83-7769-46E6-ADE0-68FDB77362A3} = {3FB75452-BF06-417B-B11B-54468F813D04}
		{472A7FF3-827A-4272-81DE-C42328BE87FA} = {CDA6E42E-85C7-4078-A9B3-9612DC09CB6B}
		{3C6B6A28-C12A-4CDD-AF78-EA9EBFE66C67} = {695B5646-4CEE-4F32-BB94-25769D84AACD}
		{279094DC-C828-4970-A148-B566CD0CA3D3} = {41ED1DB7-43D1-4AC1-8BE7-DC7926826B73}
		{A718820A-6420-4573-99F5-E348AE944B96} = {55371B5F-3C20-4A9D-9B28-5862301BBBD1}
		{98E4B8DF-E6E2-4AB6-8489-894EE0DFE9DB} = {BD356E4B-80CF-4F03-86AF-0689E8CCE507}
		{7369312C-B242-43B2-A477-56AD2787BF95} = {F460A47F-3A52-4DBE-815E-A505043243D8}
		{08ADE2F3-7899-4598-8ABF-4DD8040EBEA1} = {B8A79708-EB95-4666-B5F5-32A5BF2B2CA0}
		{133988D3-03C1-4FEE-8022-CB9E9E12D1FC} = {AD6B0D99-368D-4908-AC29-5A8AB67246FE}
		{4574B509-FCEA-458C-9A3D-230831F54212} = {4F8DD9A8-C4D7-441F-8D7D-12E5BF32192B}
		{E4DFAE34-9AE8-4192-BFB8-6DAB470D5F2F} = {F12122F2-73C7-4906-9C6E-65DDE2FA0366}
		{70E90DFA-B7C1-42EA-A312-C995AE7230C8} = {61E99389-6B7E-424B-8540-6CD450E2B4E5}
		{3F249DE8-B080-4DC0-9E48-9A5A8E06E3BF} = {CFCF1112-2CBC-437C-8454-376DCBAF2F79}
		{B669E568-EABD-412F-A1EC-714CA256A94F} = {A479373A-0BB5-42D9-8158-415EB1901D07}
	EndGlobalSection
	GlobalSection(ExtensibilityGlobals) = postSolution
		SolutionGuid = {B09D7810-E55B-40F1-8D01-FF9327D00609}
	EndGlobalSection
EndGlobal
